
Microsoft Visual Studio Solution File, Format Version 12.00
# Visual Studio 15
VisualStudioVersion = 15.0.33529.398
MinimumVisualStudioVersion = 10.0.40219.1
Project("{FAE04EC0-301F-11D3-BF4B-00C04F79EFBC}") = "VCMS411", "VCMS411\VCMS411.csproj", "{35E5C445-1839-4919-A2F3-F863C6AB811D}"
EndProject
Global
	GlobalSection(SolutionConfigurationPlatforms) = preSolution
		Debug|Any CPU = Debug|Any CPU
		Release|Any CPU = Release|Any CPU
	EndGlobalSection
	GlobalSection(ProjectConfigurationPlatforms) = postSolution
		{35E5C445-1839-4919-A2F3-F863C6AB811D}.Debug|Any CPU.ActiveCfg = Debug|Any CPU
		{35E5C445-1839-4919-A2F3-F863C6AB811D}.Debug|Any CPU.Build.0 = Debug|Any CPU
		{35E5C445-1839-4919-A2F3-F863C6AB811D}.Release|Any CPU.ActiveCfg = Release|Any CPU
		{35E5C445-1839-4919-A2F3-F863C6AB811D}.Release|Any CPU.Build.0 = Release|Any CPU
	EndGlobalSection
	GlobalSection(SolutionProperties) = preSolution
		HideSolutionNode = FALSE
	EndGlobalSection
	GlobalSection(ExtensibilityGlobals) = postSolution
		SolutionGuid = {02E5A1A1-8249-47F3-929A-BC22F8C7F8C4}
	EndGlobalSection
EndGlobal
